// !$*UTF8*$!
{
	archiveVersion = 1;
	classes = {
	};
	objectVersion = 46;
	objects = {

/* Begin PBXBuildFile section */
		D209810516701F77002EF55F /* Default-568h@2x.png in Resources */ = {isa = PBXBuildFile; fileRef = D209810416701F77002EF55F /* Default-568h@2x.png */; };
		D25D53CB15D1B3D200B791F3 /* UIKit.framework in Frameworks */ = {isa = PBXBuildFile; fileRef = D25D53CA15D1B3D200B791F3 /* UIKit.framework */; };
		D25D53CD15D1B3D200B791F3 /* Foundation.framework in Frameworks */ = {isa = PBXBuildFile; fileRef = D25D53CC15D1B3D200B791F3 /* Foundation.framework */; };
		D25D53CF15D1B3D200B791F3 /* CoreGraphics.framework in Frameworks */ = {isa = PBXBuildFile; fileRef = D25D53CE15D1B3D200B791F3 /* CoreGraphics.framework */; };
		D25D53D715D1B3D200B791F3 /* main.m in Sources */ = {isa = PBXBuildFile; fileRef = D25D53D615D1B3D200B791F3 /* main.m */; };
		D25D53DB15D1B3D200B791F3 /* FVEAppDelegate.m in Sources */ = {isa = PBXBuildFile; fileRef = D25D53DA15D1B3D200B791F3 /* FVEAppDelegate.m */; };
		D25D53DE15D1B3D200B791F3 /* FVEViewController.m in Sources */ = {isa = PBXBuildFile; fileRef = D25D53DD15D1B3D200B791F3 /* FVEViewController.m */; };
		D25D53FD15D1B97F00B791F3 /* JDDateCountdownFlipView.m in Sources */ = {isa = PBXBuildFile; fileRef = D25D53F715D1B97F00B791F3 /* JDDateCountdownFlipView.m */; };
		D25D53FF15D1B97F00B791F3 /* JDFlipNumberDigitView.m in Sources */ = {isa = PBXBuildFile; fileRef = D25D53FA15D1B97F00B791F3 /* JDFlipNumberDigitView.m */; };
		D25D540215D1BA0300B791F3 /* QuartzCore.framework in Frameworks */ = {isa = PBXBuildFile; fileRef = D25D540115D1BA0300B791F3 /* QuartzCore.framework */; };
		D25D540515D1BA3B00B791F3 /* FVEDetailViewController.m in Sources */ = {isa = PBXBuildFile; fileRef = D25D540415D1BA3B00B791F3 /* FVEDetailViewController.m */; };
		D25D540815D1BD5C00B791F3 /* JDFlipNumberView.bundle in Resources */ = {isa = PBXBuildFile; fileRef = D25D540715D1BD5C00B791F3 /* JDFlipNumberView.bundle */; };
		D25D540B15D1CAA800B791F3 /* Icon.png in Resources */ = {isa = PBXBuildFile; fileRef = D25D540915D1CAA800B791F3 /* Icon.png */; };
		D25D540C15D1CAA800B791F3 /* Icon@2x.png in Resources */ = {isa = PBXBuildFile; fileRef = D25D540A15D1CAA800B791F3 /* Icon@2x.png */; };
		D2D0560A1670006D00CC7BA3 /* JDFlipNumberViewImageFactory.m in Sources */ = {isa = PBXBuildFile; fileRef = D2D056091670006D00CC7BA3 /* JDFlipNumberViewImageFactory.m */; };
		D2FDCA16167E3B30008FC0A6 /* UIFont+FlipNumberViewExample.m in Sources */ = {isa = PBXBuildFile; fileRef = D2FDCA15167E3A85008FC0A6 /* UIFont+FlipNumberViewExample.m */; };
		D2FDCA30167E4E1C008FC0A6 /* JDFlipNumberView.m in Sources */ = {isa = PBXBuildFile; fileRef = D2FDCA2B167E4CD5008FC0A6 /* JDFlipNumberView.m */; };
		D2FE288716FDFFA400D54A1E /* Icon-72.png in Resources */ = {isa = PBXBuildFile; fileRef = D2FE288116FDFFA400D54A1E /* Icon-72.png */; };
		D2FE288816FDFFA400D54A1E /* Icon-72@2x.png in Resources */ = {isa = PBXBuildFile; fileRef = D2FE288216FDFFA400D54A1E /* Icon-72@2x.png */; };
		D2FE288916FDFFA400D54A1E /* Icon-Small-50.png in Resources */ = {isa = PBXBuildFile; fileRef = D2FE288316FDFFA400D54A1E /* Icon-Small-50.png */; };
		D2FE288A16FDFFA400D54A1E /* Icon-Small-50@2x.png in Resources */ = {isa = PBXBuildFile; fileRef = D2FE288416FDFFA400D54A1E /* Icon-Small-50@2x.png */; };
		D2FE288B16FDFFA400D54A1E /* Icon-Small.png in Resources */ = {isa = PBXBuildFile; fileRef = D2FE288516FDFFA400D54A1E /* Icon-Small.png */; };
		D2FE288C16FDFFA400D54A1E /* Icon-Small@2x.png in Resources */ = {isa = PBXBuildFile; fileRef = D2FE288616FDFFA400D54A1E /* Icon-Small@2x.png */; };
/* End PBXBuildFile section */

/* Begin PBXFileReference section */
		D209810416701F77002EF55F /* Default-568h@2x.png */ = {isa = PBXFileReference; lastKnownFileType = image.png; path = "Default-568h@2x.png"; sourceTree = "<group>"; };
		D25D53C615D1B3D200B791F3 /* FlipNumberViewExample.app */ = {isa = PBXFileReference; explicitFileType = wrapper.application; includeInIndex = 0; path = FlipNumberViewExample.app; sourceTree = BUILT_PRODUCTS_DIR; };
		D25D53CA15D1B3D200B791F3 /* UIKit.framework */ = {isa = PBXFileReference; lastKnownFileType = wrapper.framework; name = UIKit.framework; path = System/Library/Frameworks/UIKit.framework; sourceTree = SDKROOT; };
		D25D53CC15D1B3D200B791F3 /* Foundation.framework */ = {isa = PBXFileReference; lastKnownFileType = wrapper.framework; name = Foundation.framework; path = System/Library/Frameworks/Foundation.framework; sourceTree = SDKROOT; };
		D25D53CE15D1B3D200B791F3 /* CoreGraphics.framework */ = {isa = PBXFileReference; lastKnownFileType = wrapper.framework; name = CoreGraphics.framework; path = System/Library/Frameworks/CoreGraphics.framework; sourceTree = SDKROOT; };
		D25D53D215D1B3D200B791F3 /* FlipNumberViewExample-Info.plist */ = {isa = PBXFileReference; lastKnownFileType = text.plist.xml; path = "FlipNumberViewExample-Info.plist"; sourceTree = "<group>"; };
		D25D53D615D1B3D200B791F3 /* main.m */ = {isa = PBXFileReference; lastKnownFileType = sourcecode.c.objc; path = main.m; sourceTree = "<group>"; };
		D25D53D815D1B3D200B791F3 /* FlipNumberViewExample-Prefix.pch */ = {isa = PBXFileReference; lastKnownFileType = sourcecode.c.h; path = "FlipNumberViewExample-Prefix.pch"; sourceTree = "<group>"; };
		D25D53D915D1B3D200B791F3 /* FVEAppDelegate.h */ = {isa = PBXFileReference; lastKnownFileType = sourcecode.c.h; path = FVEAppDelegate.h; sourceTree = "<group>"; };
		D25D53DA15D1B3D200B791F3 /* FVEAppDelegate.m */ = {isa = PBXFileReference; lastKnownFileType = sourcecode.c.objc; path = FVEAppDelegate.m; sourceTree = "<group>"; };
		D25D53DC15D1B3D200B791F3 /* FVEViewController.h */ = {isa = PBXFileReference; lastKnownFileType = sourcecode.c.h; path = FVEViewController.h; sourceTree = "<group>"; };
		D25D53DD15D1B3D200B791F3 /* FVEViewController.m */ = {isa = PBXFileReference; lastKnownFileType = sourcecode.c.objc; path = FVEViewController.m; sourceTree = "<group>"; };
		D25D53F615D1B97F00B791F3 /* JDDateCountdownFlipView.h */ = {isa = PBXFileReference; fileEncoding = 4; lastKnownFileType = sourcecode.c.h; path = JDDateCountdownFlipView.h; sourceTree = "<group>"; };
		D25D53F715D1B97F00B791F3 /* JDDateCountdownFlipView.m */ = {isa = PBXFileReference; fileEncoding = 4; lastKnownFileType = sourcecode.c.objc; path = JDDateCountdownFlipView.m; sourceTree = "<group>"; };
		D25D53F915D1B97F00B791F3 /* JDFlipNumberDigitView.h */ = {isa = PBXFileReference; fileEncoding = 4; lastKnownFileType = sourcecode.c.h; path = JDFlipNumberDigitView.h; sourceTree = "<group>"; };
		D25D53FA15D1B97F00B791F3 /* JDFlipNumberDigitView.m */ = {isa = PBXFileReference; fileEncoding = 4; lastKnownFileType = sourcecode.c.objc; path = JDFlipNumberDigitView.m; sourceTree = "<group>"; };
		D25D540115D1BA0300B791F3 /* QuartzCore.framework */ = {isa = PBXFileReference; lastKnownFileType = wrapper.framework; name = QuartzCore.framework; path = System/Library/Frameworks/QuartzCore.framework; sourceTree = SDKROOT; };
		D25D540315D1BA3B00B791F3 /* FVEDetailViewController.h */ = {isa = PBXFileReference; fileEncoding = 4; lastKnownFileType = sourcecode.c.h; path = FVEDetailViewController.h; sourceTree = "<group>"; };
		D25D540415D1BA3B00B791F3 /* FVEDetailViewController.m */ = {isa = PBXFileReference; fileEncoding = 4; lastKnownFileType = sourcecode.c.objc; path = FVEDetailViewController.m; sourceTree = "<group>"; };
		D25D540715D1BD5C00B791F3 /* JDFlipNumberView.bundle */ = {isa = PBXFileReference; lastKnownFileType = "wrapper.plug-in"; path = JDFlipNumberView.bundle; sourceTree = "<group>"; };
		D25D540915D1CAA800B791F3 /* Icon.png */ = {isa = PBXFileReference; lastKnownFileType = image.png; path = Icon.png; sourceTree = "<group>"; };
		D25D540A15D1CAA800B791F3 /* Icon@2x.png */ = {isa = PBXFileReference; lastKnownFileType = image.png; path = "Icon@2x.png"; sourceTree = "<group>"; };
		D2D056081670006D00CC7BA3 /* JDFlipNumberViewImageFactory.h */ = {isa = PBXFileReference; fileEncoding = 4; lastKnownFileType = sourcecode.c.h; path = JDFlipNumberViewImageFactory.h; sourceTree = "<group>"; };
		D2D056091670006D00CC7BA3 /* JDFlipNumberViewImageFactory.m */ = {isa = PBXFileReference; fileEncoding = 4; lastKnownFileType = sourcecode.c.objc; path = JDFlipNumberViewImageFactory.m; sourceTree = "<group>"; };
		D2FDCA14167E3A85008FC0A6 /* UIFont+FlipNumberViewExample.h */ = {isa = PBXFileReference; lastKnownFileType = sourcecode.c.h; path = "UIFont+FlipNumberViewExample.h"; sourceTree = "<group>"; };
		D2FDCA15167E3A85008FC0A6 /* UIFont+FlipNumberViewExample.m */ = {isa = PBXFileReference; lastKnownFileType = sourcecode.c.objc; path = "UIFont+FlipNumberViewExample.m"; sourceTree = "<group>"; };
		D2FDCA2A167E4CD5008FC0A6 /* JDFlipNumberView.h */ = {isa = PBXFileReference; lastKnownFileType = sourcecode.c.h; path = JDFlipNumberView.h; sourceTree = "<group>"; };
		D2FDCA2B167E4CD5008FC0A6 /* JDFlipNumberView.m */ = {isa = PBXFileReference; lastKnownFileType = sourcecode.c.objc; path = JDFlipNumberView.m; sourceTree = "<group>"; };
		D2FE288116FDFFA400D54A1E /* Icon-72.png */ = {isa = PBXFileReference; lastKnownFileType = image.png; path = "Icon-72.png"; sourceTree = "<group>"; };
		D2FE288216FDFFA400D54A1E /* Icon-72@2x.png */ = {isa = PBXFileReference; lastKnownFileType = image.png; path = "Icon-72@2x.png"; sourceTree = "<group>"; };
		D2FE288316FDFFA400D54A1E /* Icon-Small-50.png */ = {isa = PBXFileReference; lastKnownFileType = image.png; path = "Icon-Small-50.png"; sourceTree = "<group>"; };
		D2FE288416FDFFA400D54A1E /* Icon-Small-50@2x.png */ = {isa = PBXFileReference; lastKnownFileType = image.png; path = "Icon-Small-50@2x.png"; sourceTree = "<group>"; };
		D2FE288516FDFFA400D54A1E /* Icon-Small.png */ = {isa = PBXFileReference; lastKnownFileType = image.png; path = "Icon-Small.png"; sourceTree = "<group>"; };
		D2FE288616FDFFA400D54A1E /* Icon-Small@2x.png */ = {isa = PBXFileReference; lastKnownFileType = image.png; path = "Icon-Small@2x.png"; sourceTree = "<group>"; };
/* End PBXFileReference section */

/* Begin PBXFrameworksBuildPhase section */
		D25D53C315D1B3D200B791F3 /* Frameworks */ = {
			isa = PBXFrameworksBuildPhase;
			buildActionMask = 2147483647;
			files = (
				D25D53CB15D1B3D200B791F3 /* UIKit.framework in Frameworks */,
				D25D53CD15D1B3D200B791F3 /* Foundation.framework in Frameworks */,
				D25D53CF15D1B3D200B791F3 /* CoreGraphics.framework in Frameworks */,
				D25D540215D1BA0300B791F3 /* QuartzCore.framework in Frameworks */,
			);
			runOnlyForDeploymentPostprocessing = 0;
		};
/* End PBXFrameworksBuildPhase section */

/* Begin PBXGroup section */
		D25D53BB15D1B3D200B791F3 = {
			isa = PBXGroup;
			children = (
				D25D53D015D1B3D200B791F3 /* FlipNumberViewExample */,
				D25D53F515D1B97F00B791F3 /* JDFlipNumberView */,
				D25D53C915D1B3D200B791F3 /* Frameworks */,
				D25D53C715D1B3D200B791F3 /* Products */,
			);
			sourceTree = "<group>";
		};
		D25D53C715D1B3D200B791F3 /* Products */ = {
			isa = PBXGroup;
			children = (
				D25D53C615D1B3D200B791F3 /* FlipNumberViewExample.app */,
			);
			name = Products;
			sourceTree = "<group>";
		};
		D25D53C915D1B3D200B791F3 /* Frameworks */ = {
			isa = PBXGroup;
			children = (
				D25D540115D1BA0300B791F3 /* QuartzCore.framework */,
				D25D53CA15D1B3D200B791F3 /* UIKit.framework */,
				D25D53CC15D1B3D200B791F3 /* Foundation.framework */,
				D25D53CE15D1B3D200B791F3 /* CoreGraphics.framework */,
			);
			name = Frameworks;
			sourceTree = "<group>";
		};
		D25D53D015D1B3D200B791F3 /* FlipNumberViewExample */ = {
			isa = PBXGroup;
			children = (
				D25D53D115D1B3D200B791F3 /* Supporting Files */,
				D25D540615D1BA4400B791F3 /* Classes */,
				D25D540D15D1CAAE00B791F3 /* Images */,
			);
			path = FlipNumberViewExample;
			sourceTree = "<group>";
		};
		D25D53D115D1B3D200B791F3 /* Supporting Files */ = {
			isa = PBXGroup;
			children = (
				D25D53D215D1B3D200B791F3 /* FlipNumberViewExample-Info.plist */,
				D25D53D615D1B3D200B791F3 /* main.m */,
				D25D53D815D1B3D200B791F3 /* FlipNumberViewExample-Prefix.pch */,
			);
			name = "Supporting Files";
			sourceTree = "<group>";
		};
		D25D53F515D1B97F00B791F3 /* JDFlipNumberView */ = {
			isa = PBXGroup;
			children = (
				D2FDCA24167E4A45008FC0A6 /* Internals */,
				D2FDCA2A167E4CD5008FC0A6 /* JDFlipNumberView.h */,
				D2FDCA2B167E4CD5008FC0A6 /* JDFlipNumberView.m */,
				D25D53F615D1B97F00B791F3 /* JDDateCountdownFlipView.h */,
				D25D53F715D1B97F00B791F3 /* JDDateCountdownFlipView.m */,
				D25D540715D1BD5C00B791F3 /* JDFlipNumberView.bundle */,
			);
			name = JDFlipNumberView;
			path = ../JDFlipNumberView;
			sourceTree = "<group>";
		};
		D25D540615D1BA4400B791F3 /* Classes */ = {
			isa = PBXGroup;
			children = (
				D25D53D915D1B3D200B791F3 /* FVEAppDelegate.h */,
				D25D53DA15D1B3D200B791F3 /* FVEAppDelegate.m */,
				D25D53DC15D1B3D200B791F3 /* FVEViewController.h */,
				D25D53DD15D1B3D200B791F3 /* FVEViewController.m */,
				D25D540315D1BA3B00B791F3 /* FVEDetailViewController.h */,
				D25D540415D1BA3B00B791F3 /* FVEDetailViewController.m */,
				D2FDCA14167E3A85008FC0A6 /* UIFont+FlipNumberViewExample.h */,
				D2FDCA15167E3A85008FC0A6 /* UIFont+FlipNumberViewExample.m */,
			);
			name = Classes;
			sourceTree = "<group>";
		};
		D25D540D15D1CAAE00B791F3 /* Images */ = {
			isa = PBXGroup;
			children = (
				D209810416701F77002EF55F /* Default-568h@2x.png */,
				D2FE288116FDFFA400D54A1E /* Icon-72.png */,
				D2FE288216FDFFA400D54A1E /* Icon-72@2x.png */,
				D2FE288316FDFFA400D54A1E /* Icon-Small-50.png */,
				D2FE288416FDFFA400D54A1E /* Icon-Small-50@2x.png */,
				D2FE288516FDFFA400D54A1E /* Icon-Small.png */,
				D2FE288616FDFFA400D54A1E /* Icon-Small@2x.png */,
				D25D540915D1CAA800B791F3 /* Icon.png */,
				D25D540A15D1CAA800B791F3 /* Icon@2x.png */,
			);
			name = Images;
			sourceTree = "<group>";
		};
		D2FDCA24167E4A45008FC0A6 /* Internals */ = {
			isa = PBXGroup;
			children = (
				D2D056081670006D00CC7BA3 /* JDFlipNumberViewImageFactory.h */,
				D2D056091670006D00CC7BA3 /* JDFlipNumberViewImageFactory.m */,
				D25D53F915D1B97F00B791F3 /* JDFlipNumberDigitView.h */,
				D25D53FA15D1B97F00B791F3 /* JDFlipNumberDigitView.m */,
			);
			name = Internals;
			sourceTree = "<group>";
		};
/* End PBXGroup section */

/* Begin PBXNativeTarget section */
		D25D53C515D1B3D200B791F3 /* FlipNumberViewExample */ = {
			isa = PBXNativeTarget;
			buildConfigurationList = D25D53E415D1B3D200B791F3 /* Build configuration list for PBXNativeTarget "FlipNumberViewExample" */;
			buildPhases = (
				D25D53C215D1B3D200B791F3 /* Sources */,
				D25D53C315D1B3D200B791F3 /* Frameworks */,
				D25D53C415D1B3D200B791F3 /* Resources */,
			);
			buildRules = (
			);
			dependencies = (
			);
			name = FlipNumberViewExample;
			productName = FlipNumberViewExample;
			productReference = D25D53C615D1B3D200B791F3 /* FlipNumberViewExample.app */;
			productType = "com.apple.product-type.application";
		};
/* End PBXNativeTarget section */

/* Begin PBXProject section */
		D25D53BD15D1B3D200B791F3 /* Project object */ = {
			isa = PBXProject;
			attributes = {
				CLASSPREFIX = FVE;
				LastUpgradeCheck = 0440;
				ORGANIZATIONNAME = markusemrich;
			};
			buildConfigurationList = D25D53C015D1B3D200B791F3 /* Build configuration list for PBXProject "FlipNumberViewExample" */;
			compatibilityVersion = "Xcode 3.2";
			developmentRegion = English;
			hasScannedForEncodings = 0;
			knownRegions = (
				en,
			);
			mainGroup = D25D53BB15D1B3D200B791F3;
			productRefGroup = D25D53C715D1B3D200B791F3 /* Products */;
			projectDirPath = "";
			projectRoot = "";
			targets = (
				D25D53C515D1B3D200B791F3 /* FlipNumberViewExample */,
			);
		};
/* End PBXProject section */

/* Begin PBXResourcesBuildPhase section */
		D25D53C415D1B3D200B791F3 /* Resources */ = {
			isa = PBXResourcesBuildPhase;
			buildActionMask = 2147483647;
			files = (
				D25D540815D1BD5C00B791F3 /* JDFlipNumberView.bundle in Resources */,
				D25D540B15D1CAA800B791F3 /* Icon.png in Resources */,
				D25D540C15D1CAA800B791F3 /* Icon@2x.png in Resources */,
				D209810516701F77002EF55F /* Default-568h@2x.png in Resources */,
				D2FE288716FDFFA400D54A1E /* Icon-72.png in Resources */,
				D2FE288816FDFFA400D54A1E /* Icon-72@2x.png in Resources */,
				D2FE288916FDFFA400D54A1E /* Icon-Small-50.png in Resources */,
				D2FE288A16FDFFA400D54A1E /* Icon-Small-50@2x.png in Resources */,
				D2FE288B16FDFFA400D54A1E /* Icon-Small.png in Resources */,
				D2FE288C16FDFFA400D54A1E /* Icon-Small@2x.png in Resources */,
			);
			runOnlyForDeploymentPostprocessing = 0;
		};
/* End PBXResourcesBuildPhase section */

/* Begin PBXSourcesBuildPhase section */
		D25D53C215D1B3D200B791F3 /* Sources */ = {
			isa = PBXSourcesBuildPhase;
			buildActionMask = 2147483647;
			files = (
				D25D53D715D1B3D200B791F3 /* main.m in Sources */,
				D25D53DB15D1B3D200B791F3 /* FVEAppDelegate.m in Sources */,
				D25D53DE15D1B3D200B791F3 /* FVEViewController.m in Sources */,
				D25D53FD15D1B97F00B791F3 /* JDDateCountdownFlipView.m in Sources */,
				D25D53FF15D1B97F00B791F3 /* JDFlipNumberDigitView.m in Sources */,
				D25D540515D1BA3B00B791F3 /* FVEDetailViewController.m in Sources */,
				D2D0560A1670006D00CC7BA3 /* JDFlipNumberViewImageFactory.m in Sources */,
				D2FDCA16167E3B30008FC0A6 /* UIFont+FlipNumberViewExample.m in Sources */,
				D2FDCA30167E4E1C008FC0A6 /* JDFlipNumberView.m in Sources */,
			);
			runOnlyForDeploymentPostprocessing = 0;
		};
/* End PBXSourcesBuildPhase section */

/* Begin XCBuildConfiguration section */
		D25D53E215D1B3D200B791F3 /* Debug */ = {
			isa = XCBuildConfiguration;
			buildSettings = {
				CLANG_ENABLE_OBJC_ARC = YES;
				CLANG_WARN__DUPLICATE_METHOD_MATCH = YES;
				"CODE_SIGN_IDENTITY[sdk=iphoneos*]" = "iPhone Developer";
				COPY_PHASE_STRIP = NO;
				GCC_OPTIMIZATION_LEVEL = 0;
				GCC_PREPROCESSOR_DEFINITIONS = (
					"DEBUG=1",
					"$(inherited)",
				);
				GCC_SYMBOLS_PRIVATE_EXTERN = NO;
				GCC_WARN_ABOUT_RETURN_TYPE = YES;
				GCC_WARN_UNINITIALIZED_AUTOS = YES;
				GCC_WARN_UNUSED_VARIABLE = YES;
				SDKROOT = iphoneos;
			};
			name = Debug;
		};
		D25D53E315D1B3D200B791F3 /* Release */ = {
			isa = XCBuildConfiguration;
			buildSettings = {
				CLANG_ENABLE_OBJC_ARC = YES;
				CLANG_WARN__DUPLICATE_METHOD_MATCH = YES;
				"CODE_SIGN_IDENTITY[sdk=iphoneos*]" = "iPhone Developer";
				COPY_PHASE_STRIP = YES;
				GCC_WARN_ABOUT_RETURN_TYPE = YES;
				GCC_WARN_UNINITIALIZED_AUTOS = YES;
				GCC_WARN_UNUSED_VARIABLE = YES;
				OTHER_CFLAGS = "-DNS_BLOCK_ASSERTIONS=1";
				SDKROOT = iphoneos;
				VALIDATE_PRODUCT = YES;
			};
			name = Release;
		};
		D25D53E515D1B3D200B791F3 /* Debug */ = {
			isa = XCBuildConfiguration;
			buildSettings = {
				GCC_PRECOMPILE_PREFIX_HEADER = YES;
				GCC_PREFIX_HEADER = "FlipNumberViewExample/FlipNumberViewExample-Prefix.pch";
				INFOPLIST_FILE = "FlipNumberViewExample/FlipNumberViewExample-Info.plist";
				IPHONEOS_DEPLOYMENT_TARGET = 5.0;
				PRODUCT_NAME = "$(TARGET_NAME)";
				WRAPPER_EXTENSION = app;
			};
			name = Debug;
		};
		D25D53E615D1B3D200B791F3 /* Release */ = {
			isa = XCBuildConfiguration;
			buildSettings = {
				GCC_PRECOMPILE_PREFIX_HEADER = YES;
				GCC_PREFIX_HEADER = "FlipNumberViewExample/FlipNumberViewExample-Prefix.pch";
				INFOPLIST_FILE = "FlipNumberViewExample/FlipNumberViewExample-Info.plist";
				IPHONEOS_DEPLOYMENT_TARGET = 5.0;
				PRODUCT_NAME = "$(TARGET_NAME)";
				WRAPPER_EXTENSION = app;
			};
			name = Release;
		};
/* End XCBuildConfiguration section */

/* Begin XCConfigurationList section */
		D25D53C015D1B3D200B791F3 /* Build configuration list for PBXProject "FlipNumberViewExample" */ = {
			isa = XCConfigurationList;
			buildConfigurations = (
				D25D53E215D1B3D200B791F3 /* Debug */,
				D25D53E315D1B3D200B791F3 /* Release */,
			);
			defaultConfigurationIsVisible = 0;
			defaultConfigurationName = Release;
		};
		D25D53E415D1B3D200B791F3 /* Build configuration list for PBXNativeTarget "FlipNumberViewExample" */ = {
			isa = XCConfigurationList;
			buildConfigurations = (
				D25D53E515D1B3D200B791F3 /* Debug */,
				D25D53E615D1B3D200B791F3 /* Release */,
			);
			defaultConfigurationIsVisible = 0;
			defaultConfigurationName = Release;
		};
/* End XCConfigurationList section */
	};
	rootObject = D25D53BD15D1B3D200B791F3 /* Project object */;
}
